
Microsoft Visual Studio Solution File, Format Version 12.00
# Visual Studio Version 16
VisualStudioVersion = 16.0.31729.503
MinimumVisualStudioVersion = 10.0.40219.1
Project("{FAE04EC0-301F-11D3-BF4B-00C04F79EFBC}") = "Academy", "Academy.csproj", "{473D8A93-A8E9-47F7-A4CA-BCF0B08D52C1}"
EndProject
Global
	GlobalSection(SolutionConfigurationPlatforms) = preSolution
		Debug|Any CPU = Debug|Any CPU
		Release|Any CPU = Release|Any CPU
	EndGlobalSection
	GlobalSection(ProjectConfigurationPlatforms) = postSolution
		{473D8A93-A8E9-47F7-A4CA-BCF0B08D52C1}.Debug|Any CPU.ActiveCfg = Debug|Any CPU
		{473D8A93-A8E9-47F7-A4CA-BCF0B08D52C1}.Debug|Any CPU.Build.0 = Debug|Any CPU
		{473D8A93-A8E9-47F7-A4CA-BCF0B08D52C1}.Release|Any CPU.ActiveCfg = Release|Any CPU
		{473D8A93-A8E9-47F7-A4CA-BCF0B08D52C1}.Release|Any CPU.Build.0 = Release|Any CPU
	EndGlobalSection
	GlobalSection(SolutionProperties) = preSolution
		HideSolutionNode = FALSE
	EndGlobalSection
	GlobalSection(ExtensibilityGlobals) = postSolution
		SolutionGuid = {9FB2FE04-A4E2-4E3B-B8BF-DC41475874CB}
	EndGlobalSection
EndGlobal
